
Microsoft Visual Studio Solution File, Format Version 10.00
# Visual Studio 2008
Project("{FAE04EC0-301F-11D3-BF4B-00C04F79EFBC}") = "Playback", "Playback.csproj", "{6BF9ED69-C757-48F2-AC76-CE6CB75C412C}"
EndProject
Global
	GlobalSection(SolutionConfigurationPlatforms) = preSolution
		Debug|Any CPU = Debug|Any CPU
		Release|Any CPU = Release|Any CPU
	EndGlobalSection
	GlobalSection(ProjectConfigurationPlatforms) = postSolution
		{6BF9ED69-C757-48F2-AC76-CE6CB75C412C}.Debug|Any CPU.ActiveCfg = Debug|Any CPU
		{6BF9ED69-C757-48F2-AC76-CE6CB75C412C}.Debug|Any CPU.Build.0 = Debug|Any CPU
		{6BF9ED69-C757-48F2-AC76-CE6CB75C412C}.Release|Any CPU.ActiveCfg = Release|Any CPU
		{6BF9ED69-C757-48F2-AC76-CE6CB75C412C}.Release|Any CPU.Build.0 = Release|Any CPU
	EndGlobalSection
	GlobalSection(SolutionProperties) = preSolution
		HideSolutionNode = FALSE
	EndGlobalSection
EndGlobal
