
Microsoft Visual Studio Solution File, Format Version 10.00
# Visual Studio 2008
Project("{2150E333-8FDC-42A3-9474-1A3956D46DE8}") = "Misc", "Misc", "{3D884371-C6FB-4E15-8AF2-53D7286E51A4}"
EndProject
Project("{2150E333-8FDC-42A3-9474-1A3956D46DE8}") = "Interface Projects", "Interface Projects", "{12F71297-13EE-4445-BA0E-4CC7A5C7EEE4}"
EndProject
Project("{2150E333-8FDC-42A3-9474-1A3956D46DE8}") = "Watchdog", "Watchdog", "{FFDAD660-901A-40B3-8091-23C1C769BFED}"
EndProject
Project("{FAE04EC0-301F-11D3-BF4B-00C04F79EFBC}") = "Operational", "Operational.csproj", "{FCE5B045-B3E0-453C-BD3E-337D36A8DEAD}"
EndProject
Project("{FAE04EC0-301F-11D3-BF4B-00C04F79EFBC}") = "Behaviors", "..\..\Remoting Interfaces\Behaviors\Behaviors.csproj", "{934E43B8-C627-4BAB-8115-C84E8AFC2F60}"
EndProject
Project("{FAE04EC0-301F-11D3-BF4B-00C04F79EFBC}") = "ArbiterRoadNetwork", "..\..\arbiter\trunk\ArbiterRoadNetwork\ArbiterRoadNetwork\ArbiterRoadNetwork\ArbiterRoadNetwork.csproj", "{5ED74205-2992-462F-8FC4-381CDB2E63C4}"
EndProject
Project("{FAE04EC0-301F-11D3-BF4B-00C04F79EFBC}") = "DrawingUtilities", "..\..\RndfEditor\DrawingUtilities\DrawingUtilities\DrawingUtilities\DrawingUtilities.csproj", "{D0D71001-2079-4383-8D6B-0DA7FD42F08C}"
EndProject
Project("{FAE04EC0-301F-11D3-BF4B-00C04F79EFBC}") = "DarpaRndf", "..\..\Remoting Interfaces\Arbiter\DarpaRndf\DarpaRndf\DarpaRndf\DarpaRndf.csproj", "{AC2D3BEF-757A-43BE-9A54-273CD6A7916B}"
EndProject
Project("{8BC9CEB8-8B4A-11D0-8D11-00A0C91BC942}") = "PathSmoother", "..\PathSmoother\PathSmoother\PathSmoother.vcproj", "{586AB992-1675-4F38-BC9C-116829131145}"
EndProject
Project("{FAE04EC0-301F-11D3-BF4B-00C04F79EFBC}") = "Common", "..\..\Remoting Interfaces\Common\Common.csproj", "{1C1C4C4C-836E-45B0-B632-866B4B6B7BE8}"
EndProject
Project("{FAE04EC0-301F-11D3-BF4B-00C04F79EFBC}") = "Dataset", "..\..\Remoting Interfaces\Dataset\Dataset.csproj", "{E2AE124D-0E64-440F-AD3D-B7F1ABBDFD76}"
EndProject
Project("{FAE04EC0-301F-11D3-BF4B-00C04F79EFBC}") = "OperationalService", "..\..\Remoting Interfaces\operationalService\OperationalService.csproj", "{FBA7A699-D418-478D-BBB0-456992D8DA01}"
EndProject
Project("{FAE04EC0-301F-11D3-BF4B-00C04F79EFBC}") = "OperationalUIService", "..\OperationalUIService\OperationalUIService.csproj", "{10E8E827-09F3-4049-BFDE-23BD19F99807}"
EndProject
Project("{FAE04EC0-301F-11D3-BF4B-00C04F79EFBC}") = "MessagingService", "..\..\Remoting Interfaces\MessagingService\MessagingService.csproj", "{19A82170-7FEE-4527-B835-A7359B864B28}"
EndProject
Project("{FAE04EC0-301F-11D3-BF4B-00C04F79EFBC}") = "NameService", "..\..\Remoting Interfaces\NameService\NameService.csproj", "{CD226615-66F6-4F8F-B7B1-0BF13714E2D0}"
EndProject
Project("{FAE04EC0-301F-11D3-BF4B-00C04F79EFBC}") = "SimOperationalService", "..\..\Simulation\trunk\SimulatorClient\SimOperationalService\SimOperationalService\SimOperationalService.csproj", "{FE667883-C346-4DBF-879E-2BD04BBF0F53}"
EndProject
Project("{FAE04EC0-301F-11D3-BF4B-00C04F79EFBC}") = "Actuation", "..\..\Common\Actuation\Actuation.csproj", "{7A5C3426-75C9-4C46-AA64-DA7502E5C315}"
EndProject
Project("{FAE04EC0-301F-11D3-BF4B-00C04F79EFBC}") = "OperationalCommon", "..\OperationalCommon\OperationalCommon.csproj", "{966A29D8-F866-4BAC-847D-1FFE30061FCD}"
EndProject
Project("{FAE04EC0-301F-11D3-BF4B-00C04F79EFBC}") = "SimulatorClientFacade", "..\..\Simulation\trunk\SimulatorClient\SimulatorClientFacade\SimulatorClientFacade.csproj", "{D89B5AE4-C729-4B09-9D97-4A0A02E683EC}"
EndProject
Project("{FAE04EC0-301F-11D3-BF4B-00C04F79EFBC}") = "ArbiterMissionDescription", "..\..\arbiter\trunk\ArbiterRoadNetwork\ArbiterRoadNetwork\ArbiterMissionDescription\ArbiterMissionDescription.csproj", "{66BCCC5B-7173-4232-9307-2D3518F6E509}"
EndProject
Project("{FAE04EC0-301F-11D3-BF4B-00C04F79EFBC}") = "SimulatorCommon", "..\..\Simulation\trunk\SimulatorCommon\SimulatorCommon\SimulatorCommon.csproj", "{FFAC17C6-33F8-411B-9F5B-77E166C27E1B}"
EndProject
Project("{FAE04EC0-301F-11D3-BF4B-00C04F79EFBC}") = "WatchdogAPI", "..\..\Utilities\WatchdogPublisher\WatchdogAPI\WatchdogAPI.csproj", "{4A9A2666-3369-4DAE-AA6D-CF18C7233D2C}"
EndProject
Project("{FAE04EC0-301F-11D3-BF4B-00C04F79EFBC}") = "WatchdogCommunication", "..\..\Utilities\WatchdogPublisher\WatchdogCommunication\WatchdogCommunication.csproj", "{3A451BBF-D96E-44E0-B988-9CF0A9DC0B36}"
EndProject
Project("{FAE04EC0-301F-11D3-BF4B-00C04F79EFBC}") = "ArbiterAdvancedRemote", "..\..\arbiter\trunk\ArbiterAdvancedRemote\ArbiterAdvancedRemote\ArbiterAdvancedRemote.csproj", "{F8BFBD51-58F9-41AF-82F4-2C18FB4195C3}"
EndProject
Project("{FAE04EC0-301F-11D3-BF4B-00C04F79EFBC}") = "ArbiterAdvancedCommon", "..\..\arbiter\trunk\ArbiterAdvancedCommon\ArbiterAdvancedCommon\ArbiterAdvancedCommon.csproj", "{403377CB-5F6F-4728-B043-E49EACB645D5}"
EndProject
Global
	GlobalSection(SolutionConfigurationPlatforms) = preSolution
		Debug|Any CPU = Debug|Any CPU
		Debug|Mixed Platforms = Debug|Mixed Platforms
		Debug|Win32 = Debug|Win32
		DebugLocal|Any CPU = DebugLocal|Any CPU
		DebugLocal|Mixed Platforms = DebugLocal|Mixed Platforms
		DebugLocal|Win32 = DebugLocal|Win32
		Release|Any CPU = Release|Any CPU
		Release|Mixed Platforms = Release|Mixed Platforms
		Release|Win32 = Release|Win32
	EndGlobalSection
	GlobalSection(ProjectConfigurationPlatforms) = postSolution
		{FCE5B045-B3E0-453C-BD3E-337D36A8DEAD}.Debug|Any CPU.ActiveCfg = Debug|Any CPU
		{FCE5B045-B3E0-453C-BD3E-337D36A8DEAD}.Debug|Any CPU.Build.0 = Debug|Any CPU
		{FCE5B045-B3E0-453C-BD3E-337D36A8DEAD}.Debug|Mixed Platforms.ActiveCfg = Debug|Any CPU
		{FCE5B045-B3E0-453C-BD3E-337D36A8DEAD}.Debug|Mixed Platforms.Build.0 = Debug|Any CPU
		{FCE5B045-B3E0-453C-BD3E-337D36A8DEAD}.Debug|Win32.ActiveCfg = Debug|x86
		{FCE5B045-B3E0-453C-BD3E-337D36A8DEAD}.Debug|Win32.Build.0 = Debug|x86
		{FCE5B045-B3E0-453C-BD3E-337D36A8DEAD}.DebugLocal|Any CPU.ActiveCfg = Debug|Any CPU
		{FCE5B045-B3E0-453C-BD3E-337D36A8DEAD}.DebugLocal|Any CPU.Build.0 = Debug|Any CPU
		{FCE5B045-B3E0-453C-BD3E-337D36A8DEAD}.DebugLocal|Mixed Platforms.ActiveCfg = Debug|Any CPU
		{FCE5B045-B3E0-453C-BD3E-337D36A8DEAD}.DebugLocal|Mixed Platforms.Build.0 = Debug|Any CPU
		{FCE5B045-B3E0-453C-BD3E-337D36A8DEAD}.DebugLocal|Win32.ActiveCfg = Debug|Any CPU
		{FCE5B045-B3E0-453C-BD3E-337D36A8DEAD}.Release|Any CPU.ActiveCfg = Release|Any CPU
		{FCE5B045-B3E0-453C-BD3E-337D36A8DEAD}.Release|Any CPU.Build.0 = Release|Any CPU
		{FCE5B045-B3E0-453C-BD3E-337D36A8DEAD}.Release|Mixed Platforms.ActiveCfg = Release|Any CPU
		{FCE5B045-B3E0-453C-BD3E-337D36A8DEAD}.Release|Mixed Platforms.Build.0 = Release|Any CPU
		{FCE5B045-B3E0-453C-BD3E-337D36A8DEAD}.Release|Win32.ActiveCfg = Release|x86
		{FCE5B045-B3E0-453C-BD3E-337D36A8DEAD}.Release|Win32.Build.0 = Release|x86
		{934E43B8-C627-4BAB-8115-C84E8AFC2F60}.Debug|Any CPU.ActiveCfg = Debug|Any CPU
		{934E43B8-C627-4BAB-8115-C84E8AFC2F60}.Debug|Any CPU.Build.0 = Debug|Any CPU
		{934E43B8-C627-4BAB-8115-C84E8AFC2F60}.Debug|Mixed Platforms.ActiveCfg = Debug|Any CPU
		{934E43B8-C627-4BAB-8115-C84E8AFC2F60}.Debug|Mixed Platforms.Build.0 = Debug|Any CPU
		{934E43B8-C627-4BAB-8115-C84E8AFC2F60}.Debug|Win32.ActiveCfg = Debug|Any CPU
		{934E43B8-C627-4BAB-8115-C84E8AFC2F60}.Debug|Win32.Build.0 = Debug|Any CPU
		{934E43B8-C627-4BAB-8115-C84E8AFC2F60}.DebugLocal|Any CPU.ActiveCfg = Debug|Any CPU
		{934E43B8-C627-4BAB-8115-C84E8AFC2F60}.DebugLocal|Any CPU.Build.0 = Debug|Any CPU
		{934E43B8-C627-4BAB-8115-C84E8AFC2F60}.DebugLocal|Mixed Platforms.ActiveCfg = Debug|Any CPU
		{934E43B8-C627-4BAB-8115-C84E8AFC2F60}.DebugLocal|Mixed Platforms.Build.0 = Debug|Any CPU
		{934E43B8-C627-4BAB-8115-C84E8AFC2F60}.DebugLocal|Win32.ActiveCfg = Debug|Any CPU
		{934E43B8-C627-4BAB-8115-C84E8AFC2F60}.Release|Any CPU.ActiveCfg = Release|Any CPU
		{934E43B8-C627-4BAB-8115-C84E8AFC2F60}.Release|Any CPU.Build.0 = Release|Any CPU
		{934E43B8-C627-4BAB-8115-C84E8AFC2F60}.Release|Mixed Platforms.ActiveCfg = Release|Any CPU
		{934E43B8-C627-4BAB-8115-C84E8AFC2F60}.Release|Mixed Platforms.Build.0 = Release|Any CPU
		{934E43B8-C627-4BAB-8115-C84E8AFC2F60}.Release|Win32.ActiveCfg = Release|Any CPU
		{934E43B8-C627-4BAB-8115-C84E8AFC2F60}.Release|Win32.Build.0 = Release|Any CPU
		{5ED74205-2992-462F-8FC4-381CDB2E63C4}.Debug|Any CPU.ActiveCfg = Debug|Any CPU
		{5ED74205-2992-462F-8FC4-381CDB2E63C4}.Debug|Any CPU.Build.0 = Debug|Any CPU
		{5ED74205-2992-462F-8FC4-381CDB2E63C4}.Debug|Mixed Platforms.ActiveCfg = Debug|Any CPU
		{5ED74205-2992-462F-8FC4-381CDB2E63C4}.Debug|Mixed Platforms.Build.0 = Debug|Any CPU
		{5ED74205-2992-462F-8FC4-381CDB2E63C4}.Debug|Win32.ActiveCfg = Debug|Any CPU
		{5ED74205-2992-462F-8FC4-381CDB2E63C4}.Debug|Win32.Build.0 = Debug|Any CPU
		{5ED74205-2992-462F-8FC4-381CDB2E63C4}.DebugLocal|Any CPU.ActiveCfg = Debug|Any CPU
		{5ED74205-2992-462F-8FC4-381CDB2E63C4}.DebugLocal|Any CPU.Build.0 = Debug|Any CPU
		{5ED74205-2992-462F-8FC4-381CDB2E63C4}.DebugLocal|Mixed Platforms.ActiveCfg = Debug|Any CPU
		{5ED74205-2992-462F-8FC4-381CDB2E63C4}.DebugLocal|Mixed Platforms.Build.0 = Debug|Any CPU
		{5ED74205-2992-462F-8FC4-381CDB2E63C4}.DebugLocal|Win32.ActiveCfg = Debug|Any CPU
		{5ED74205-2992-462F-8FC4-381CDB2E63C4}.Release|Any CPU.ActiveCfg = Release|Any CPU
		{5ED74205-2992-462F-8FC4-381CDB2E63C4}.Release|Any CPU.Build.0 = Release|Any CPU
		{5ED74205-2992-462F-8FC4-381CDB2E63C4}.Release|Mixed Platforms.ActiveCfg = Release|Any CPU
		{5ED74205-2992-462F-8FC4-381CDB2E63C4}.Release|Mixed Platforms.Build.0 = Release|Any CPU
		{5ED74205-2992-462F-8FC4-381CDB2E63C4}.Release|Win32.ActiveCfg = Release|Any CPU
		{5ED74205-2992-462F-8FC4-381CDB2E63C4}.Release|Win32.Build.0 = Release|Any CPU
		{D0D71001-2079-4383-8D6B-0DA7FD42F08C}.Debug|Any CPU.ActiveCfg = Debug|Any CPU
		{D0D71001-2079-4383-8D6B-0DA7FD42F08C}.Debug|Any CPU.Build.0 = Debug|Any CPU
		{D0D71001-2079-4383-8D6B-0DA7FD42F08C}.Debug|Mixed Platforms.ActiveCfg = Debug|Any CPU
		{D0D71001-2079-4383-8D6B-0DA7FD42F08C}.Debug|Mixed Platforms.Build.0 = Debug|Any CPU
		{D0D71001-2079-4383-8D6B-0DA7FD42F08C}.Debug|Win32.ActiveCfg = Debug|Any CPU
		{D0D71001-2079-4383-8D6B-0DA7FD42F08C}.Debug|Win32.Build.0 = Debug|Any CPU
		{D0D71001-2079-4383-8D6B-0DA7FD42F08C}.DebugLocal|Any CPU.ActiveCfg = Debug|Any CPU
		{D0D71001-2079-4383-8D6B-0DA7FD42F08C}.DebugLocal|Any CPU.Build.0 = Debug|Any CPU
		{D0D71001-2079-4383-8D6B-0DA7FD42F08C}.DebugLocal|Mixed Platforms.ActiveCfg = Debug|Any CPU
		{D0D71001-2079-4383-8D6B-0DA7FD42F08C}.DebugLocal|Mixed Platforms.Build.0 = Debug|Any CPU
		{D0D71001-2079-4383-8D6B-0DA7FD42F08C}.DebugLocal|Win32.ActiveCfg = Debug|Any CPU
		{D0D71001-2079-4383-8D6B-0DA7FD42F08C}.Release|Any CPU.ActiveCfg = Release|Any CPU
		{D0D71001-2079-4383-8D6B-0DA7FD42F08C}.Release|Any CPU.Build.0 = Release|Any CPU
		{D0D71001-2079-4383-8D6B-0DA7FD42F08C}.Release|Mixed Platforms.ActiveCfg = Release|Any CPU
		{D0D71001-2079-4383-8D6B-0DA7FD42F08C}.Release|Mixed Platforms.Build.0 = Release|Any CPU
		{D0D71001-2079-4383-8D6B-0DA7FD42F08C}.Release|Win32.ActiveCfg = Release|Any CPU
		{D0D71001-2079-4383-8D6B-0DA7FD42F08C}.Release|Win32.Build.0 = Release|Any CPU
		{AC2D3BEF-757A-43BE-9A54-273CD6A7916B}.Debug|Any CPU.ActiveCfg = Debug|Any CPU
		{AC2D3BEF-757A-43BE-9A54-273CD6A7916B}.Debug|Any CPU.Build.0 = Debug|Any CPU
		{AC2D3BEF-757A-43BE-9A54-273CD6A7916B}.Debug|Mixed Platforms.ActiveCfg = Debug|Any CPU
		{AC2D3BEF-757A-43BE-9A54-273CD6A7916B}.Debug|Mixed Platforms.Build.0 = Debug|Any CPU
		{AC2D3BEF-757A-43BE-9A54-273CD6A7916B}.Debug|Win32.ActiveCfg = Debug|Any CPU
		{AC2D3BEF-757A-43BE-9A54-273CD6A7916B}.Debug|Win32.Build.0 = Debug|Any CPU
		{AC2D3BEF-757A-43BE-9A54-273CD6A7916B}.DebugLocal|Any CPU.ActiveCfg = Debug|Any CPU
		{AC2D3BEF-757A-43BE-9A54-273CD6A7916B}.DebugLocal|Any CPU.Build.0 = Debug|Any CPU
		{AC2D3BEF-757A-43BE-9A54-273CD6A7916B}.DebugLocal|Mixed Platforms.ActiveCfg = Debug|Any CPU
		{AC2D3BEF-757A-43BE-9A54-273CD6A7916B}.DebugLocal|Mixed Platforms.Build.0 = Debug|Any CPU
		{AC2D3BEF-757A-43BE-9A54-273CD6A7916B}.DebugLocal|Win32.ActiveCfg = Debug|Any CPU
		{AC2D3BEF-757A-43BE-9A54-273CD6A7916B}.Release|Any CPU.ActiveCfg = Release|Any CPU
		{AC2D3BEF-757A-43BE-9A54-273CD6A7916B}.Release|Any CPU.Build.0 = Release|Any CPU
		{AC2D3BEF-757A-43BE-9A54-273CD6A7916B}.Release|Mixed Platforms.ActiveCfg = Release|Any CPU
		{AC2D3BEF-757A-43BE-9A54-273CD6A7916B}.Release|Mixed Platforms.Build.0 = Release|Any CPU
		{AC2D3BEF-757A-43BE-9A54-273CD6A7916B}.Release|Win32.ActiveCfg = Release|Any CPU
		{AC2D3BEF-757A-43BE-9A54-273CD6A7916B}.Release|Win32.Build.0 = Release|Any CPU
		{586AB992-1675-4F38-BC9C-116829131145}.Debug|Any CPU.ActiveCfg = Debug|Win32
		{586AB992-1675-4F38-BC9C-116829131145}.Debug|Mixed Platforms.ActiveCfg = Debug|Win32
		{586AB992-1675-4F38-BC9C-116829131145}.Debug|Mixed Platforms.Build.0 = Debug|Win32
		{586AB992-1675-4F38-BC9C-116829131145}.Debug|Win32.ActiveCfg = Debug|Win32
		{586AB992-1675-4F38-BC9C-116829131145}.Debug|Win32.Build.0 = Debug|Win32
		{586AB992-1675-4F38-BC9C-116829131145}.DebugLocal|Any CPU.ActiveCfg = Debug - Test|Win32
		{586AB992-1675-4F38-BC9C-116829131145}.DebugLocal|Mixed Platforms.ActiveCfg = Debug - Test|Win32
		{586AB992-1675-4F38-BC9C-116829131145}.DebugLocal|Mixed Platforms.Build.0 = Debug - Test|Win32
		{586AB992-1675-4F38-BC9C-116829131145}.DebugLocal|Win32.ActiveCfg = Debug - Test|Win32
		{586AB992-1675-4F38-BC9C-116829131145}.DebugLocal|Win32.Build.0 = Debug - Test|Win32
		{586AB992-1675-4F38-BC9C-116829131145}.Release|Any CPU.ActiveCfg = Release|Win32
		{586AB992-1675-4F38-BC9C-116829131145}.Release|Mixed Platforms.ActiveCfg = Release|Win32
		{586AB992-1675-4F38-BC9C-116829131145}.Release|Mixed Platforms.Build.0 = Release|Win32
		{586AB992-1675-4F38-BC9C-116829131145}.Release|Win32.ActiveCfg = Debug|Win32
		{586AB992-1675-4F38-BC9C-116829131145}.Release|Win32.Build.0 = Debug|Win32
		{1C1C4C4C-836E-45B0-B632-866B4B6B7BE8}.Debug|Any CPU.ActiveCfg = Debug|Any CPU
		{1C1C4C4C-836E-45B0-B632-866B4B6B7BE8}.Debug|Any CPU.Build.0 = Debug|Any CPU
		{1C1C4C4C-836E-45B0-B632-866B4B6B7BE8}.Debug|Mixed Platforms.ActiveCfg = Debug|Any CPU
		{1C1C4C4C-836E-45B0-B632-866B4B6B7BE8}.Debug|Mixed Platforms.Build.0 = Debug|Any CPU
		{1C1C4C4C-836E-45B0-B632-866B4B6B7BE8}.Debug|Win32.ActiveCfg = Debug|Any CPU
		{1C1C4C4C-836E-45B0-B632-866B4B6B7BE8}.Debug|Win32.Build.0 = Debug|Any CPU
		{1C1C4C4C-836E-45B0-B632-866B4B6B7BE8}.DebugLocal|Any CPU.ActiveCfg = Debug|Any CPU
		{1C1C4C4C-836E-45B0-B632-866B4B6B7BE8}.DebugLocal|Any CPU.Build.0 = Debug|Any CPU
		{1C1C4C4C-836E-45B0-B632-866B4B6B7BE8}.DebugLocal|Mixed Platforms.ActiveCfg = Debug|Any CPU
		{1C1C4C4C-836E-45B0-B632-866B4B6B7BE8}.DebugLocal|Mixed Platforms.Build.0 = Debug|Any CPU
		{1C1C4C4C-836E-45B0-B632-866B4B6B7BE8}.DebugLocal|Win32.ActiveCfg = Debug|Any CPU
		{1C1C4C4C-836E-45B0-B632-866B4B6B7BE8}.Release|Any CPU.ActiveCfg = Release|Any CPU
		{1C1C4C4C-836E-45B0-B632-866B4B6B7BE8}.Release|Any CPU.Build.0 = Release|Any CPU
		{1C1C4C4C-836E-45B0-B632-866B4B6B7BE8}.Release|Mixed Platforms.ActiveCfg = Release|Any CPU
		{1C1C4C4C-836E-45B0-B632-866B4B6B7BE8}.Release|Mixed Platforms.Build.0 = Release|Any CPU
		{1C1C4C4C-836E-45B0-B632-866B4B6B7BE8}.Release|Win32.ActiveCfg = Release|Any CPU
		{1C1C4C4C-836E-45B0-B632-866B4B6B7BE8}.Release|Win32.Build.0 = Release|Any CPU
		{E2AE124D-0E64-440F-AD3D-B7F1ABBDFD76}.Debug|Any CPU.ActiveCfg = Debug|Any CPU
		{E2AE124D-0E64-440F-AD3D-B7F1ABBDFD76}.Debug|Any CPU.Build.0 = Debug|Any CPU
		{E2AE124D-0E64-440F-AD3D-B7F1ABBDFD76}.Debug|Mixed Platforms.ActiveCfg = Debug|Any CPU
		{E2AE124D-0E64-440F-AD3D-B7F1ABBDFD76}.Debug|Mixed Platforms.Build.0 = Debug|Any CPU
		{E2AE124D-0E64-440F-AD3D-B7F1ABBDFD76}.Debug|Win32.ActiveCfg = Debug|Any CPU
		{E2AE124D-0E64-440F-AD3D-B7F1ABBDFD76}.Debug|Win32.Build.0 = Debug|Any CPU
		{E2AE124D-0E64-440F-AD3D-B7F1ABBDFD76}.DebugLocal|Any CPU.ActiveCfg = Debug|Any CPU
		{E2AE124D-0E64-440F-AD3D-B7F1ABBDFD76}.DebugLocal|Any CPU.Build.0 = Debug|Any CPU
		{E2AE124D-0E64-440F-AD3D-B7F1ABBDFD76}.DebugLocal|Mixed Platforms.ActiveCfg = Debug|Any CPU
		{E2AE124D-0E64-440F-AD3D-B7F1ABBDFD76}.DebugLocal|Mixed Platforms.Build.0 = Debug|Any CPU
		{E2AE124D-0E64-440F-AD3D-B7F1ABBDFD76}.DebugLocal|Win32.ActiveCfg = Debug|Any CPU
		{E2AE124D-0E64-440F-AD3D-B7F1ABBDFD76}.Release|Any CPU.ActiveCfg = Release|Any CPU
		{E2AE124D-0E64-440F-AD3D-B7F1ABBDFD76}.Release|Any CPU.Build.0 = Release|Any CPU
		{E2AE124D-0E64-440F-AD3D-B7F1ABBDFD76}.Release|Mixed Platforms.ActiveCfg = Release|Any CPU
		{E2AE124D-0E64-440F-AD3D-B7F1ABBDFD76}.Release|Mixed Platforms.Build.0 = Release|Any CPU
		{E2AE124D-0E64-440F-AD3D-B7F1ABBDFD76}.Release|Win32.ActiveCfg = Release|Any CPU
		{E2AE124D-0E64-440F-AD3D-B7F1ABBDFD76}.Release|Win32.Build.0 = Release|Any CPU
		{FBA7A699-D418-478D-BBB0-456992D8DA01}.Debug|Any CPU.ActiveCfg = Debug|Any CPU
		{FBA7A699-D418-478D-BBB0-456992D8DA01}.Debug|Any CPU.Build.0 = Debug|Any CPU
		{FBA7A699-D418-478D-BBB0-456992D8DA01}.Debug|Mixed Platforms.ActiveCfg = Debug|Any CPU
		{FBA7A699-D418-478D-BBB0-456992D8DA01}.Debug|Mixed Platforms.Build.0 = Debug|Any CPU
		{FBA7A699-D418-478D-BBB0-456992D8DA01}.Debug|Win32.ActiveCfg = Debug|Any CPU
		{FBA7A699-D418-478D-BBB0-456992D8DA01}.Debug|Win32.Build.0 = Debug|Any CPU
		{FBA7A699-D418-478D-BBB0-456992D8DA01}.DebugLocal|Any CPU.ActiveCfg = Debug|Any CPU
		{FBA7A699-D418-478D-BBB0-456992D8DA01}.DebugLocal|Any CPU.Build.0 = Debug|Any CPU
		{FBA7A699-D418-478D-BBB0-456992D8DA01}.DebugLocal|Mixed Platforms.ActiveCfg = Debug|Any CPU
		{FBA7A699-D418-478D-BBB0-456992D8DA01}.DebugLocal|Mixed Platforms.Build.0 = Debug|Any CPU
		{FBA7A699-D418-478D-BBB0-456992D8DA01}.DebugLocal|Win32.ActiveCfg = Debug|Any CPU
		{FBA7A699-D418-478D-BBB0-456992D8DA01}.Release|Any CPU.ActiveCfg = Release|Any CPU
		{FBA7A699-D418-478D-BBB0-456992D8DA01}.Release|Any CPU.Build.0 = Release|Any CPU
		{FBA7A699-D418-478D-BBB0-456992D8DA01}.Release|Mixed Platforms.ActiveCfg = Release|Any CPU
		{FBA7A699-D418-478D-BBB0-456992D8DA01}.Release|Mixed Platforms.Build.0 = Release|Any CPU
		{FBA7A699-D418-478D-BBB0-456992D8DA01}.Release|Win32.ActiveCfg = Release|Any CPU
		{FBA7A699-D418-478D-BBB0-456992D8DA01}.Release|Win32.Build.0 = Release|Any CPU
		{10E8E827-09F3-4049-BFDE-23BD19F99807}.Debug|Any CPU.ActiveCfg = Debug|Any CPU
		{10E8E827-09F3-4049-BFDE-23BD19F99807}.Debug|Any CPU.Build.0 = Debug|Any CPU
		{10E8E827-09F3-4049-BFDE-23BD19F99807}.Debug|Mixed Platforms.ActiveCfg = Debug|Any CPU
		{10E8E827-09F3-4049-BFDE-23BD19F99807}.Debug|Mixed Platforms.Build.0 = Debug|Any CPU
		{10E8E827-09F3-4049-BFDE-23BD19F99807}.Debug|Win32.ActiveCfg = Debug|Any CPU
		{10E8E827-09F3-4049-BFDE-23BD19F99807}.Debug|Win32.Build.0 = Debug|Any CPU
		{10E8E827-09F3-4049-BFDE-23BD19F99807}.DebugLocal|Any CPU.ActiveCfg = Debug|Any CPU
		{10E8E827-09F3-4049-BFDE-23BD19F99807}.DebugLocal|Any CPU.Build.0 = Debug|Any CPU
		{10E8E827-09F3-4049-BFDE-23BD19F99807}.DebugLocal|Mixed Platforms.ActiveCfg = Debug|Any CPU
		{10E8E827-09F3-4049-BFDE-23BD19F99807}.DebugLocal|Mixed Platforms.Build.0 = Debug|Any CPU
		{10E8E827-09F3-4049-BFDE-23BD19F99807}.DebugLocal|Win32.ActiveCfg = Debug|Any CPU
		{10E8E827-09F3-4049-BFDE-23BD19F99807}.Release|Any CPU.ActiveCfg = Release|Any CPU
		{10E8E827-09F3-4049-BFDE-23BD19F99807}.Release|Any CPU.Build.0 = Release|Any CPU
		{10E8E827-09F3-4049-BFDE-23BD19F99807}.Release|Mixed Platforms.ActiveCfg = Release|Any CPU
		{10E8E827-09F3-4049-BFDE-23BD19F99807}.Release|Mixed Platforms.Build.0 = Release|Any CPU
		{10E8E827-09F3-4049-BFDE-23BD19F99807}.Release|Win32.ActiveCfg = Release|Any CPU
		{10E8E827-09F3-4049-BFDE-23BD19F99807}.Release|Win32.Build.0 = Release|Any CPU
		{19A82170-7FEE-4527-B835-A7359B864B28}.Debug|Any CPU.ActiveCfg = Debug|Any CPU
		{19A82170-7FEE-4527-B835-A7359B864B28}.Debug|Any CPU.Build.0 = Debug|Any CPU
		{19A82170-7FEE-4527-B835-A7359B864B28}.Debug|Mixed Platforms.ActiveCfg = Debug|Any CPU
		{19A82170-7FEE-4527-B835-A7359B864B28}.Debug|Mixed Platforms.Build.0 = Debug|Any CPU
		{19A82170-7FEE-4527-B835-A7359B864B28}.Debug|Win32.ActiveCfg = Debug|Any CPU
		{19A82170-7FEE-4527-B835-A7359B864B28}.Debug|Win32.Build.0 = Debug|Any CPU
		{19A82170-7FEE-4527-B835-A7359B864B28}.DebugLocal|Any CPU.ActiveCfg = Debug|Any CPU
		{19A82170-7FEE-4527-B835-A7359B864B28}.DebugLocal|Any CPU.Build.0 = Debug|Any CPU
		{19A82170-7FEE-4527-B835-A7359B864B28}.DebugLocal|Mixed Platforms.ActiveCfg = Debug|Any CPU
		{19A82170-7FEE-4527-B835-A7359B864B28}.DebugLocal|Mixed Platforms.Build.0 = Debug|Any CPU
		{19A82170-7FEE-4527-B835-A7359B864B28}.DebugLocal|Win32.ActiveCfg = Debug|Any CPU
		{19A82170-7FEE-4527-B835-A7359B864B28}.Release|Any CPU.ActiveCfg = Release|Any CPU
		{19A82170-7FEE-4527-B835-A7359B864B28}.Release|Any CPU.Build.0 = Release|Any CPU
		{19A82170-7FEE-4527-B835-A7359B864B28}.Release|Mixed Platforms.ActiveCfg = Release|Any CPU
		{19A82170-7FEE-4527-B835-A7359B864B28}.Release|Mixed Platforms.Build.0 = Release|Any CPU
		{19A82170-7FEE-4527-B835-A7359B864B28}.Release|Win32.ActiveCfg = Release|Any CPU
		{19A82170-7FEE-4527-B835-A7359B864B28}.Release|Win32.Build.0 = Release|Any CPU
		{CD226615-66F6-4F8F-B7B1-0BF13714E2D0}.Debug|Any CPU.ActiveCfg = Debug|Any CPU
		{CD226615-66F6-4F8F-B7B1-0BF13714E2D0}.Debug|Any CPU.Build.0 = Debug|Any CPU
		{CD226615-66F6-4F8F-B7B1-0BF13714E2D0}.Debug|Mixed Platforms.ActiveCfg = Debug|Any CPU
		{CD226615-66F6-4F8F-B7B1-0BF13714E2D0}.Debug|Mixed Platforms.Build.0 = Debug|Any CPU
		{CD226615-66F6-4F8F-B7B1-0BF13714E2D0}.Debug|Win32.ActiveCfg = Debug|Any CPU
		{CD226615-66F6-4F8F-B7B1-0BF13714E2D0}.Debug|Win32.Build.0 = Debug|Any CPU
		{CD226615-66F6-4F8F-B7B1-0BF13714E2D0}.DebugLocal|Any CPU.ActiveCfg = Debug|Any CPU
		{CD226615-66F6-4F8F-B7B1-0BF13714E2D0}.DebugLocal|Any CPU.Build.0 = Debug|Any CPU
		{CD226615-66F6-4F8F-B7B1-0BF13714E2D0}.DebugLocal|Mixed Platforms.ActiveCfg = Debug|Any CPU
		{CD226615-66F6-4F8F-B7B1-0BF13714E2D0}.DebugLocal|Mixed Platforms.Build.0 = Debug|Any CPU
		{CD226615-66F6-4F8F-B7B1-0BF13714E2D0}.DebugLocal|Win32.ActiveCfg = Debug|Any CPU
		{CD226615-66F6-4F8F-B7B1-0BF13714E2D0}.Release|Any CPU.ActiveCfg = Release|Any CPU
		{CD226615-66F6-4F8F-B7B1-0BF13714E2D0}.Release|Any CPU.Build.0 = Release|Any CPU
		{CD226615-66F6-4F8F-B7B1-0BF13714E2D0}.Release|Mixed Platforms.ActiveCfg = Release|Any CPU
		{CD226615-66F6-4F8F-B7B1-0BF13714E2D0}.Release|Mixed Platforms.Build.0 = Release|Any CPU
		{CD226615-66F6-4F8F-B7B1-0BF13714E2D0}.Release|Win32.ActiveCfg = Release|Any CPU
		{CD226615-66F6-4F8F-B7B1-0BF13714E2D0}.Release|Win32.Build.0 = Release|Any CPU
		{FE667883-C346-4DBF-879E-2BD04BBF0F53}.Debug|Any CPU.ActiveCfg = Debug|Any CPU
		{FE667883-C346-4DBF-879E-2BD04BBF0F53}.Debug|Any CPU.Build.0 = Debug|Any CPU
		{FE667883-C346-4DBF-879E-2BD04BBF0F53}.Debug|Mixed Platforms.ActiveCfg = Debug|Any CPU
		{FE667883-C346-4DBF-879E-2BD04BBF0F53}.Debug|Mixed Platforms.Build.0 = Debug|Any CPU
		{FE667883-C346-4DBF-879E-2BD04BBF0F53}.Debug|Win32.ActiveCfg = Debug|Any CPU
		{FE667883-C346-4DBF-879E-2BD04BBF0F53}.Debug|Win32.Build.0 = Debug|Any CPU
		{FE667883-C346-4DBF-879E-2BD04BBF0F53}.DebugLocal|Any CPU.ActiveCfg = Debug|Any CPU
		{FE667883-C346-4DBF-879E-2BD04BBF0F53}.DebugLocal|Any CPU.Build.0 = Debug|Any CPU
		{FE667883-C346-4DBF-879E-2BD04BBF0F53}.DebugLocal|Mixed Platforms.ActiveCfg = Debug|Any CPU
		{FE667883-C346-4DBF-879E-2BD04BBF0F53}.DebugLocal|Mixed Platforms.Build.0 = Debug|Any CPU
		{FE667883-C346-4DBF-879E-2BD04BBF0F53}.DebugLocal|Win32.ActiveCfg = Debug|Any CPU
		{FE667883-C346-4DBF-879E-2BD04BBF0F53}.Release|Any CPU.ActiveCfg = Release|Any CPU
		{FE667883-C346-4DBF-879E-2BD04BBF0F53}.Release|Any CPU.Build.0 = Release|Any CPU
		{FE667883-C346-4DBF-879E-2BD04BBF0F53}.Release|Mixed Platforms.ActiveCfg = Release|Any CPU
		{FE667883-C346-4DBF-879E-2BD04BBF0F53}.Release|Mixed Platforms.Build.0 = Release|Any CPU
		{FE667883-C346-4DBF-879E-2BD04BBF0F53}.Release|Win32.ActiveCfg = Release|Any CPU
		{FE667883-C346-4DBF-879E-2BD04BBF0F53}.Release|Win32.Build.0 = Release|Any CPU
		{7A5C3426-75C9-4C46-AA64-DA7502E5C315}.Debug|Any CPU.ActiveCfg = Debug|Any CPU
		{7A5C3426-75C9-4C46-AA64-DA7502E5C315}.Debug|Any CPU.Build.0 = Debug|Any CPU
		{7A5C3426-75C9-4C46-AA64-DA7502E5C315}.Debug|Mixed Platforms.ActiveCfg = Debug|Any CPU
		{7A5C3426-75C9-4C46-AA64-DA7502E5C315}.Debug|Mixed Platforms.Build.0 = Debug|Any CPU
		{7A5C3426-75C9-4C46-AA64-DA7502E5C315}.Debug|Win32.ActiveCfg = Debug|Any CPU
		{7A5C3426-75C9-4C46-AA64-DA7502E5C315}.Debug|Win32.Build.0 = Debug|Any CPU
		{7A5C3426-75C9-4C46-AA64-DA7502E5C315}.DebugLocal|Any CPU.ActiveCfg = Debug|Any CPU
		{7A5C3426-75C9-4C46-AA64-DA7502E5C315}.DebugLocal|Any CPU.Build.0 = Debug|Any CPU
		{7A5C3426-75C9-4C46-AA64-DA7502E5C315}.DebugLocal|Mixed Platforms.ActiveCfg = Debug|Any CPU
		{7A5C3426-75C9-4C46-AA64-DA7502E5C315}.DebugLocal|Mixed Platforms.Build.0 = Debug|Any CPU
		{7A5C3426-75C9-4C46-AA64-DA7502E5C315}.DebugLocal|Win32.ActiveCfg = Debug|Any CPU
		{7A5C3426-75C9-4C46-AA64-DA7502E5C315}.Release|Any CPU.ActiveCfg = Release|Any CPU
		{7A5C3426-75C9-4C46-AA64-DA7502E5C315}.Release|Any CPU.Build.0 = Release|Any CPU
		{7A5C3426-75C9-4C46-AA64-DA7502E5C315}.Release|Mixed Platforms.ActiveCfg = Release|Any CPU
		{7A5C3426-75C9-4C46-AA64-DA7502E5C315}.Release|Mixed Platforms.Build.0 = Release|Any CPU
		{7A5C3426-75C9-4C46-AA64-DA7502E5C315}.Release|Win32.ActiveCfg = Release|Any CPU
		{7A5C3426-75C9-4C46-AA64-DA7502E5C315}.Release|Win32.Build.0 = Release|Any CPU
		{966A29D8-F866-4BAC-847D-1FFE30061FCD}.Debug|Any CPU.ActiveCfg = Debug|Any CPU
		{966A29D8-F866-4BAC-847D-1FFE30061FCD}.Debug|Any CPU.Build.0 = Debug|Any CPU
		{966A29D8-F866-4BAC-847D-1FFE30061FCD}.Debug|Mixed Platforms.ActiveCfg = Debug|Any CPU
		{966A29D8-F866-4BAC-847D-1FFE30061FCD}.Debug|Mixed Platforms.Build.0 = Debug|Any CPU
		{966A29D8-F866-4BAC-847D-1FFE30061FCD}.Debug|Win32.ActiveCfg = Debug|Any CPU
		{966A29D8-F866-4BAC-847D-1FFE30061FCD}.Debug|Win32.Build.0 = Debug|Any CPU
		{966A29D8-F866-4BAC-847D-1FFE30061FCD}.DebugLocal|Any CPU.ActiveCfg = Debug|Any CPU
		{966A29D8-F866-4BAC-847D-1FFE30061FCD}.DebugLocal|Any CPU.Build.0 = Debug|Any CPU
		{966A29D8-F866-4BAC-847D-1FFE30061FCD}.DebugLocal|Mixed Platforms.ActiveCfg = Debug|Any CPU
		{966A29D8-F866-4BAC-847D-1FFE30061FCD}.DebugLocal|Mixed Platforms.Build.0 = Debug|Any CPU
		{966A29D8-F866-4BAC-847D-1FFE30061FCD}.DebugLocal|Win32.ActiveCfg = Debug|Any CPU
		{966A29D8-F866-4BAC-847D-1FFE30061FCD}.Release|Any CPU.ActiveCfg = Release|Any CPU
		{966A29D8-F866-4BAC-847D-1FFE30061FCD}.Release|Any CPU.Build.0 = Release|Any CPU
		{966A29D8-F866-4BAC-847D-1FFE30061FCD}.Release|Mixed Platforms.ActiveCfg = Release|Any CPU
		{966A29D8-F866-4BAC-847D-1FFE30061FCD}.Release|Mixed Platforms.Build.0 = Release|Any CPU
		{966A29D8-F866-4BAC-847D-1FFE30061FCD}.Release|Win32.ActiveCfg = Release|Any CPU
		{966A29D8-F866-4BAC-847D-1FFE30061FCD}.Release|Win32.Build.0 = Release|Any CPU
		{D89B5AE4-C729-4B09-9D97-4A0A02E683EC}.Debug|Any CPU.ActiveCfg = Debug|Any CPU
		{D89B5AE4-C729-4B09-9D97-4A0A02E683EC}.Debug|Any CPU.Build.0 = Debug|Any CPU
		{D89B5AE4-C729-4B09-9D97-4A0A02E683EC}.Debug|Mixed Platforms.ActiveCfg = Debug|Any CPU
		{D89B5AE4-C729-4B09-9D97-4A0A02E683EC}.Debug|Mixed Platforms.Build.0 = Debug|Any CPU
		{D89B5AE4-C729-4B09-9D97-4A0A02E683EC}.Debug|Win32.ActiveCfg = Debug|Any CPU
		{D89B5AE4-C729-4B09-9D97-4A0A02E683EC}.Debug|Win32.Build.0 = Debug|Any CPU
		{D89B5AE4-C729-4B09-9D97-4A0A02E683EC}.DebugLocal|Any CPU.ActiveCfg = Debug|Any CPU
		{D89B5AE4-C729-4B09-9D97-4A0A02E683EC}.DebugLocal|Any CPU.Build.0 = Debug|Any CPU
		{D89B5AE4-C729-4B09-9D97-4A0A02E683EC}.DebugLocal|Mixed Platforms.ActiveCfg = Debug|Any CPU
		{D89B5AE4-C729-4B09-9D97-4A0A02E683EC}.DebugLocal|Mixed Platforms.Build.0 = Debug|Any CPU
		{D89B5AE4-C729-4B09-9D97-4A0A02E683EC}.DebugLocal|Win32.ActiveCfg = Debug|Any CPU
		{D89B5AE4-C729-4B09-9D97-4A0A02E683EC}.Release|Any CPU.ActiveCfg = Release|Any CPU
		{D89B5AE4-C729-4B09-9D97-4A0A02E683EC}.Release|Any CPU.Build.0 = Release|Any CPU
		{D89B5AE4-C729-4B09-9D97-4A0A02E683EC}.Release|Mixed Platforms.ActiveCfg = Release|Any CPU
		{D89B5AE4-C729-4B09-9D97-4A0A02E683EC}.Release|Mixed Platforms.Build.0 = Release|Any CPU
		{D89B5AE4-C729-4B09-9D97-4A0A02E683EC}.Release|Win32.ActiveCfg = Release|Any CPU
		{D89B5AE4-C729-4B09-9D97-4A0A02E683EC}.Release|Win32.Build.0 = Release|Any CPU
		{66BCCC5B-7173-4232-9307-2D3518F6E509}.Debug|Any CPU.ActiveCfg = Debug|Any CPU
		{66BCCC5B-7173-4232-9307-2D3518F6E509}.Debug|Any CPU.Build.0 = Debug|Any CPU
		{66BCCC5B-7173-4232-9307-2D3518F6E509}.Debug|Mixed Platforms.ActiveCfg = Debug|Any CPU
		{66BCCC5B-7173-4232-9307-2D3518F6E509}.Debug|Mixed Platforms.Build.0 = Debug|Any CPU
		{66BCCC5B-7173-4232-9307-2D3518F6E509}.Debug|Win32.ActiveCfg = Debug|Any CPU
		{66BCCC5B-7173-4232-9307-2D3518F6E509}.Debug|Win32.Build.0 = Debug|Any CPU
		{66BCCC5B-7173-4232-9307-2D3518F6E509}.DebugLocal|Any CPU.ActiveCfg = Debug|Any CPU
		{66BCCC5B-7173-4232-9307-2D3518F6E509}.DebugLocal|Any CPU.Build.0 = Debug|Any CPU
		{66BCCC5B-7173-4232-9307-2D3518F6E509}.DebugLocal|Mixed Platforms.ActiveCfg = Debug|Any CPU
		{66BCCC5B-7173-4232-9307-2D3518F6E509}.DebugLocal|Mixed Platforms.Build.0 = Debug|Any CPU
		{66BCCC5B-7173-4232-9307-2D3518F6E509}.DebugLocal|Win32.ActiveCfg = Debug|Any CPU
		{66BCCC5B-7173-4232-9307-2D3518F6E509}.Release|Any CPU.ActiveCfg = Release|Any CPU
		{66BCCC5B-7173-4232-9307-2D3518F6E509}.Release|Any CPU.Build.0 = Release|Any CPU
		{66BCCC5B-7173-4232-9307-2D3518F6E509}.Release|Mixed Platforms.ActiveCfg = Release|Any CPU
		{66BCCC5B-7173-4232-9307-2D3518F6E509}.Release|Mixed Platforms.Build.0 = Release|Any CPU
		{66BCCC5B-7173-4232-9307-2D3518F6E509}.Release|Win32.ActiveCfg = Release|Any CPU
		{66BCCC5B-7173-4232-9307-2D3518F6E509}.Release|Win32.Build.0 = Release|Any CPU
		{FFAC17C6-33F8-411B-9F5B-77E166C27E1B}.Debug|Any CPU.ActiveCfg = Debug|Any CPU
		{FFAC17C6-33F8-411B-9F5B-77E166C27E1B}.Debug|Any CPU.Build.0 = Debug|Any CPU
		{FFAC17C6-33F8-411B-9F5B-77E166C27E1B}.Debug|Mixed Platforms.ActiveCfg = Debug|Any CPU
		{FFAC17C6-33F8-411B-9F5B-77E166C27E1B}.Debug|Mixed Platforms.Build.0 = Debug|Any CPU
		{FFAC17C6-33F8-411B-9F5B-77E166C27E1B}.Debug|Win32.ActiveCfg = Debug|Any CPU
		{FFAC17C6-33F8-411B-9F5B-77E166C27E1B}.Debug|Win32.Build.0 = Debug|Any CPU
		{FFAC17C6-33F8-411B-9F5B-77E166C27E1B}.DebugLocal|Any CPU.ActiveCfg = Debug|Any CPU
		{FFAC17C6-33F8-411B-9F5B-77E166C27E1B}.DebugLocal|Any CPU.Build.0 = Debug|Any CPU
		{FFAC17C6-33F8-411B-9F5B-77E166C27E1B}.DebugLocal|Mixed Platforms.ActiveCfg = Debug|Any CPU
		{FFAC17C6-33F8-411B-9F5B-77E166C27E1B}.DebugLocal|Mixed Platforms.Build.0 = Debug|Any CPU
		{FFAC17C6-33F8-411B-9F5B-77E166C27E1B}.DebugLocal|Win32.ActiveCfg = Debug|Any CPU
		{FFAC17C6-33F8-411B-9F5B-77E166C27E1B}.Release|Any CPU.ActiveCfg = Release|Any CPU
		{FFAC17C6-33F8-411B-9F5B-77E166C27E1B}.Release|Any CPU.Build.0 = Release|Any CPU
		{FFAC17C6-33F8-411B-9F5B-77E166C27E1B}.Release|Mixed Platforms.ActiveCfg = Release|Any CPU
		{FFAC17C6-33F8-411B-9F5B-77E166C27E1B}.Release|Mixed Platforms.Build.0 = Release|Any CPU
		{FFAC17C6-33F8-411B-9F5B-77E166C27E1B}.Release|Win32.ActiveCfg = Release|Any CPU
		{FFAC17C6-33F8-411B-9F5B-77E166C27E1B}.Release|Win32.Build.0 = Release|Any CPU
		{4A9A2666-3369-4DAE-AA6D-CF18C7233D2C}.Debug|Any CPU.ActiveCfg = Debug|Any CPU
		{4A9A2666-3369-4DAE-AA6D-CF18C7233D2C}.Debug|Any CPU.Build.0 = Debug|Any CPU
		{4A9A2666-3369-4DAE-AA6D-CF18C7233D2C}.Debug|Mixed Platforms.ActiveCfg = Debug|Any CPU
		{4A9A2666-3369-4DAE-AA6D-CF18C7233D2C}.Debug|Mixed Platforms.Build.0 = Debug|Any CPU
		{4A9A2666-3369-4DAE-AA6D-CF18C7233D2C}.Debug|Win32.ActiveCfg = Debug|Any CPU
		{4A9A2666-3369-4DAE-AA6D-CF18C7233D2C}.DebugLocal|Any CPU.ActiveCfg = Debug|Any CPU
		{4A9A2666-3369-4DAE-AA6D-CF18C7233D2C}.DebugLocal|Any CPU.Build.0 = Debug|Any CPU
		{4A9A2666-3369-4DAE-AA6D-CF18C7233D2C}.DebugLocal|Mixed Platforms.ActiveCfg = Debug|Any CPU
		{4A9A2666-3369-4DAE-AA6D-CF18C7233D2C}.DebugLocal|Mixed Platforms.Build.0 = Debug|Any CPU
		{4A9A2666-3369-4DAE-AA6D-CF18C7233D2C}.DebugLocal|Win32.ActiveCfg = Debug|Any CPU
		{4A9A2666-3369-4DAE-AA6D-CF18C7233D2C}.Release|Any CPU.ActiveCfg = Release|Any CPU
		{4A9A2666-3369-4DAE-AA6D-CF18C7233D2C}.Release|Any CPU.Build.0 = Release|Any CPU
		{4A9A2666-3369-4DAE-AA6D-CF18C7233D2C}.Release|Mixed Platforms.ActiveCfg = Release|Any CPU
		{4A9A2666-3369-4DAE-AA6D-CF18C7233D2C}.Release|Mixed Platforms.Build.0 = Release|Any CPU
		{4A9A2666-3369-4DAE-AA6D-CF18C7233D2C}.Release|Win32.ActiveCfg = Release|Any CPU
		{4A9A2666-3369-4DAE-AA6D-CF18C7233D2C}.Release|Win32.Build.0 = Release|Any CPU
		{3A451BBF-D96E-44E0-B988-9CF0A9DC0B36}.Debug|Any CPU.ActiveCfg = Debug|Any CPU
		{3A451BBF-D96E-44E0-B988-9CF0A9DC0B36}.Debug|Any CPU.Build.0 = Debug|Any CPU
		{3A451BBF-D96E-44E0-B988-9CF0A9DC0B36}.Debug|Mixed Platforms.ActiveCfg = Debug|Any CPU
		{3A451BBF-D96E-44E0-B988-9CF0A9DC0B36}.Debug|Mixed Platforms.Build.0 = Debug|Any CPU
		{3A451BBF-D96E-44E0-B988-9CF0A9DC0B36}.Debug|Win32.ActiveCfg = Debug|Any CPU
		{3A451BBF-D96E-44E0-B988-9CF0A9DC0B36}.DebugLocal|Any CPU.ActiveCfg = DebugLocal|Any CPU
		{3A451BBF-D96E-44E0-B988-9CF0A9DC0B36}.DebugLocal|Any CPU.Build.0 = DebugLocal|Any CPU
		{3A451BBF-D96E-44E0-B988-9CF0A9DC0B36}.DebugLocal|Mixed Platforms.ActiveCfg = DebugLocal|Any CPU
		{3A451BBF-D96E-44E0-B988-9CF0A9DC0B36}.DebugLocal|Mixed Platforms.Build.0 = DebugLocal|Any CPU
		{3A451BBF-D96E-44E0-B988-9CF0A9DC0B36}.DebugLocal|Win32.ActiveCfg = DebugLocal|Any CPU
		{3A451BBF-D96E-44E0-B988-9CF0A9DC0B36}.Release|Any CPU.ActiveCfg = Release|Any CPU
		{3A451BBF-D96E-44E0-B988-9CF0A9DC0B36}.Release|Any CPU.Build.0 = Release|Any CPU
		{3A451BBF-D96E-44E0-B988-9CF0A9DC0B36}.Release|Mixed Platforms.ActiveCfg = Release|Any CPU
		{3A451BBF-D96E-44E0-B988-9CF0A9DC0B36}.Release|Mixed Platforms.Build.0 = Release|Any CPU
		{3A451BBF-D96E-44E0-B988-9CF0A9DC0B36}.Release|Win32.ActiveCfg = Release|Any CPU
		{3A451BBF-D96E-44E0-B988-9CF0A9DC0B36}.Release|Win32.Build.0 = Release|Any CPU
		{F8BFBD51-58F9-41AF-82F4-2C18FB4195C3}.Debug|Any CPU.ActiveCfg = Debug|Any CPU
		{F8BFBD51-58F9-41AF-82F4-2C18FB4195C3}.Debug|Any CPU.Build.0 = Debug|Any CPU
		{F8BFBD51-58F9-41AF-82F4-2C18FB4195C3}.Debug|Mixed Platforms.ActiveCfg = Debug|Any CPU
		{F8BFBD51-58F9-41AF-82F4-2C18FB4195C3}.Debug|Mixed Platforms.Build.0 = Debug|Any CPU
		{F8BFBD51-58F9-41AF-82F4-2C18FB4195C3}.Debug|Win32.ActiveCfg = Debug|Any CPU
		{F8BFBD51-58F9-41AF-82F4-2C18FB4195C3}.DebugLocal|Any CPU.ActiveCfg = Debug|Any CPU
		{F8BFBD51-58F9-41AF-82F4-2C18FB4195C3}.DebugLocal|Any CPU.Build.0 = Debug|Any CPU
		{F8BFBD51-58F9-41AF-82F4-2C18FB4195C3}.DebugLocal|Mixed Platforms.ActiveCfg = Debug|Any CPU
		{F8BFBD51-58F9-41AF-82F4-2C18FB4195C3}.DebugLocal|Mixed Platforms.Build.0 = Debug|Any CPU
		{F8BFBD51-58F9-41AF-82F4-2C18FB4195C3}.DebugLocal|Win32.ActiveCfg = Debug|Any CPU
		{F8BFBD51-58F9-41AF-82F4-2C18FB4195C3}.Release|Any CPU.ActiveCfg = Release|Any CPU
		{F8BFBD51-58F9-41AF-82F4-2C18FB4195C3}.Release|Any CPU.Build.0 = Release|Any CPU
		{F8BFBD51-58F9-41AF-82F4-2C18FB4195C3}.Release|Mixed Platforms.ActiveCfg = Release|Any CPU
		{F8BFBD51-58F9-41AF-82F4-2C18FB4195C3}.Release|Mixed Platforms.Build.0 = Release|Any CPU
		{F8BFBD51-58F9-41AF-82F4-2C18FB4195C3}.Release|Win32.ActiveCfg = Release|Any CPU
		{F8BFBD51-58F9-41AF-82F4-2C18FB4195C3}.Release|Win32.Build.0 = Release|Any CPU
		{403377CB-5F6F-4728-B043-E49EACB645D5}.Debug|Any CPU.ActiveCfg = Debug|Any CPU
		{403377CB-5F6F-4728-B043-E49EACB645D5}.Debug|Any CPU.Build.0 = Debug|Any CPU
		{403377CB-5F6F-4728-B043-E49EACB645D5}.Debug|Mixed Platforms.ActiveCfg = Debug|Any CPU
		{403377CB-5F6F-4728-B043-E49EACB645D5}.Debug|Mixed Platforms.Build.0 = Debug|Any CPU
		{403377CB-5F6F-4728-B043-E49EACB645D5}.Debug|Win32.ActiveCfg = Debug|Any CPU
		{403377CB-5F6F-4728-B043-E49EACB645D5}.DebugLocal|Any CPU.ActiveCfg = Debug|Any CPU
		{403377CB-5F6F-4728-B043-E49EACB645D5}.DebugLocal|Any CPU.Build.0 = Debug|Any CPU
		{403377CB-5F6F-4728-B043-E49EACB645D5}.DebugLocal|Mixed Platforms.ActiveCfg = Debug|Any CPU
		{403377CB-5F6F-4728-B043-E49EACB645D5}.DebugLocal|Mixed Platforms.Build.0 = Debug|Any CPU
		{403377CB-5F6F-4728-B043-E49EACB645D5}.DebugLocal|Win32.ActiveCfg = Debug|Any CPU
		{403377CB-5F6F-4728-B043-E49EACB645D5}.Release|Any CPU.ActiveCfg = Release|Any CPU
		{403377CB-5F6F-4728-B043-E49EACB645D5}.Release|Any CPU.Build.0 = Release|Any CPU
		{403377CB-5F6F-4728-B043-E49EACB645D5}.Release|Mixed Platforms.ActiveCfg = Release|Any CPU
		{403377CB-5F6F-4728-B043-E49EACB645D5}.Release|Mixed Platforms.Build.0 = Release|Any CPU
		{403377CB-5F6F-4728-B043-E49EACB645D5}.Release|Win32.ActiveCfg = Release|Any CPU
		{403377CB-5F6F-4728-B043-E49EACB645D5}.Release|Win32.Build.0 = Release|Any CPU
	EndGlobalSection
	GlobalSection(SolutionProperties) = preSolution
		HideSolutionNode = FALSE
	EndGlobalSection
	GlobalSection(NestedProjects) = preSolution
		{D0D71001-2079-4383-8D6B-0DA7FD42F08C} = {3D884371-C6FB-4E15-8AF2-53D7286E51A4}
		{AC2D3BEF-757A-43BE-9A54-273CD6A7916B} = {3D884371-C6FB-4E15-8AF2-53D7286E51A4}
		{934E43B8-C627-4BAB-8115-C84E8AFC2F60} = {12F71297-13EE-4445-BA0E-4CC7A5C7EEE4}
		{5ED74205-2992-462F-8FC4-381CDB2E63C4} = {12F71297-13EE-4445-BA0E-4CC7A5C7EEE4}
		{E2AE124D-0E64-440F-AD3D-B7F1ABBDFD76} = {12F71297-13EE-4445-BA0E-4CC7A5C7EEE4}
		{FBA7A699-D418-478D-BBB0-456992D8DA01} = {12F71297-13EE-4445-BA0E-4CC7A5C7EEE4}
		{10E8E827-09F3-4049-BFDE-23BD19F99807} = {12F71297-13EE-4445-BA0E-4CC7A5C7EEE4}
		{19A82170-7FEE-4527-B835-A7359B864B28} = {12F71297-13EE-4445-BA0E-4CC7A5C7EEE4}
		{CD226615-66F6-4F8F-B7B1-0BF13714E2D0} = {12F71297-13EE-4445-BA0E-4CC7A5C7EEE4}
		{FE667883-C346-4DBF-879E-2BD04BBF0F53} = {12F71297-13EE-4445-BA0E-4CC7A5C7EEE4}
		{7A5C3426-75C9-4C46-AA64-DA7502E5C315} = {12F71297-13EE-4445-BA0E-4CC7A5C7EEE4}
		{D89B5AE4-C729-4B09-9D97-4A0A02E683EC} = {12F71297-13EE-4445-BA0E-4CC7A5C7EEE4}
		{66BCCC5B-7173-4232-9307-2D3518F6E509} = {12F71297-13EE-4445-BA0E-4CC7A5C7EEE4}
		{FFAC17C6-33F8-411B-9F5B-77E166C27E1B} = {12F71297-13EE-4445-BA0E-4CC7A5C7EEE4}
		{F8BFBD51-58F9-41AF-82F4-2C18FB4195C3} = {12F71297-13EE-4445-BA0E-4CC7A5C7EEE4}
		{403377CB-5F6F-4728-B043-E49EACB645D5} = {12F71297-13EE-4445-BA0E-4CC7A5C7EEE4}
		{4A9A2666-3369-4DAE-AA6D-CF18C7233D2C} = {FFDAD660-901A-40B3-8091-23C1C769BFED}
		{3A451BBF-D96E-44E0-B988-9CF0A9DC0B36} = {FFDAD660-901A-40B3-8091-23C1C769BFED}
	EndGlobalSection
EndGlobal
