
Microsoft Visual Studio Solution File, Format Version 9.00
# Visual Studio 2005
Project("{FAE04EC0-301F-11D3-BF4B-00C04F79EFBC}") = "operwatchdog", "operwatchdog.csproj", "{32B51F89-7F4B-4C05-AEBA-6EDFE1F23295}"
EndProject
Project("{FAE04EC0-301F-11D3-BF4B-00C04F79EFBC}") = "operational", "..\operational\operational.csproj", "{D748412F-055C-47A1-8A80-9A79BB8FEB8C}"
EndProject
Global
	GlobalSection(SolutionConfigurationPlatforms) = preSolution
		Debug|Any CPU = Debug|Any CPU
		Release|Any CPU = Release|Any CPU
	EndGlobalSection
	GlobalSection(ProjectConfigurationPlatforms) = postSolution
		{32B51F89-7F4B-4C05-AEBA-6EDFE1F23295}.Debug|Any CPU.ActiveCfg = Debug|Any CPU
		{32B51F89-7F4B-4C05-AEBA-6EDFE1F23295}.Debug|Any CPU.Build.0 = Debug|Any CPU
		{32B51F89-7F4B-4C05-AEBA-6EDFE1F23295}.Release|Any CPU.ActiveCfg = Release|Any CPU
		{32B51F89-7F4B-4C05-AEBA-6EDFE1F23295}.Release|Any CPU.Build.0 = Release|Any CPU
		{D748412F-055C-47A1-8A80-9A79BB8FEB8C}.Debug|Any CPU.ActiveCfg = Debug|Any CPU
		{D748412F-055C-47A1-8A80-9A79BB8FEB8C}.Debug|Any CPU.Build.0 = Debug|Any CPU
		{D748412F-055C-47A1-8A80-9A79BB8FEB8C}.Release|Any CPU.ActiveCfg = Release|Any CPU
		{D748412F-055C-47A1-8A80-9A79BB8FEB8C}.Release|Any CPU.Build.0 = Release|Any CPU
	EndGlobalSection
	GlobalSection(SolutionProperties) = preSolution
		HideSolutionNode = FALSE
	EndGlobalSection
EndGlobal
