
Microsoft Visual Studio Solution File, Format Version 10.00
# Visual Studio 2008
Project("{8BC9CEB8-8B4A-11D0-8D11-00A0C91BC942}") = "Scene Estimator II", "Scene Estimator 2.vcproj", "{42584F14-0B58-4D8F-B00C-E8F73890CEEB}"
	ProjectSection(ProjectDependencies) = postProject
		{CD226615-66F6-4F8F-B7B1-0BF13714E2D0} = {CD226615-66F6-4F8F-B7B1-0BF13714E2D0}
		{1C1C4C4C-836E-45B0-B632-866B4B6B7BE8} = {1C1C4C4C-836E-45B0-B632-866B4B6B7BE8}
		{19A82170-7FEE-4527-B835-A7359B864B28} = {19A82170-7FEE-4527-B835-A7359B864B28}
	EndProjectSection
EndProject
Project("{FAE04EC0-301F-11D3-BF4B-00C04F79EFBC}") = "Common", "..\Remoting Interfaces\Common\Common.csproj", "{1C1C4C4C-836E-45B0-B632-866B4B6B7BE8}"
EndProject
Project("{FAE04EC0-301F-11D3-BF4B-00C04F79EFBC}") = "MessagingService", "..\Remoting Interfaces\MessagingService\MessagingService.csproj", "{19A82170-7FEE-4527-B835-A7359B864B28}"
	ProjectSection(ProjectDependencies) = postProject
		{CD226615-66F6-4F8F-B7B1-0BF13714E2D0} = {CD226615-66F6-4F8F-B7B1-0BF13714E2D0}
		{1C1C4C4C-836E-45B0-B632-866B4B6B7BE8} = {1C1C4C4C-836E-45B0-B632-866B4B6B7BE8}
	EndProjectSection
EndProject
Project("{FAE04EC0-301F-11D3-BF4B-00C04F79EFBC}") = "NameService", "..\Remoting Interfaces\NameService\NameService.csproj", "{CD226615-66F6-4F8F-B7B1-0BF13714E2D0}"
EndProject
Global
	GlobalSection(SolutionConfigurationPlatforms) = preSolution
		Debug|Any CPU = Debug|Any CPU
		Debug|Mixed Platforms = Debug|Mixed Platforms
		Debug|Win32 = Debug|Win32
		DebugWithLogs|Any CPU = DebugWithLogs|Any CPU
		DebugWithLogs|Mixed Platforms = DebugWithLogs|Mixed Platforms
		DebugWithLogs|Win32 = DebugWithLogs|Win32
		Release|Any CPU = Release|Any CPU
		Release|Mixed Platforms = Release|Mixed Platforms
		Release|Win32 = Release|Win32
		ReleaseWithLogs|Any CPU = ReleaseWithLogs|Any CPU
		ReleaseWithLogs|Mixed Platforms = ReleaseWithLogs|Mixed Platforms
		ReleaseWithLogs|Win32 = ReleaseWithLogs|Win32
	EndGlobalSection
	GlobalSection(ProjectConfigurationPlatforms) = postSolution
		{42584F14-0B58-4D8F-B00C-E8F73890CEEB}.Debug|Any CPU.ActiveCfg = Debug|Win32
		{42584F14-0B58-4D8F-B00C-E8F73890CEEB}.Debug|Any CPU.Build.0 = Debug|Win32
		{42584F14-0B58-4D8F-B00C-E8F73890CEEB}.Debug|Mixed Platforms.ActiveCfg = Debug|Win32
		{42584F14-0B58-4D8F-B00C-E8F73890CEEB}.Debug|Mixed Platforms.Build.0 = Debug|Win32
		{42584F14-0B58-4D8F-B00C-E8F73890CEEB}.Debug|Win32.ActiveCfg = Debug|Win32
		{42584F14-0B58-4D8F-B00C-E8F73890CEEB}.Debug|Win32.Build.0 = Debug|Win32
		{42584F14-0B58-4D8F-B00C-E8F73890CEEB}.DebugWithLogs|Any CPU.ActiveCfg = DebugWithLogs|Win32
		{42584F14-0B58-4D8F-B00C-E8F73890CEEB}.DebugWithLogs|Mixed Platforms.ActiveCfg = DebugWithLogs|Win32
		{42584F14-0B58-4D8F-B00C-E8F73890CEEB}.DebugWithLogs|Mixed Platforms.Build.0 = DebugWithLogs|Win32
		{42584F14-0B58-4D8F-B00C-E8F73890CEEB}.DebugWithLogs|Win32.ActiveCfg = DebugWithLogs|Win32
		{42584F14-0B58-4D8F-B00C-E8F73890CEEB}.DebugWithLogs|Win32.Build.0 = DebugWithLogs|Win32
		{42584F14-0B58-4D8F-B00C-E8F73890CEEB}.Release|Any CPU.ActiveCfg = Release|Win32
		{42584F14-0B58-4D8F-B00C-E8F73890CEEB}.Release|Any CPU.Build.0 = Release|Win32
		{42584F14-0B58-4D8F-B00C-E8F73890CEEB}.Release|Mixed Platforms.ActiveCfg = Release|Win32
		{42584F14-0B58-4D8F-B00C-E8F73890CEEB}.Release|Mixed Platforms.Build.0 = Release|Win32
		{42584F14-0B58-4D8F-B00C-E8F73890CEEB}.Release|Win32.ActiveCfg = Release|Win32
		{42584F14-0B58-4D8F-B00C-E8F73890CEEB}.Release|Win32.Build.0 = Release|Win32
		{42584F14-0B58-4D8F-B00C-E8F73890CEEB}.ReleaseWithLogs|Any CPU.ActiveCfg = ReleaseWithLogs|Win32
		{42584F14-0B58-4D8F-B00C-E8F73890CEEB}.ReleaseWithLogs|Mixed Platforms.ActiveCfg = ReleaseWithLogs|Win32
		{42584F14-0B58-4D8F-B00C-E8F73890CEEB}.ReleaseWithLogs|Mixed Platforms.Build.0 = ReleaseWithLogs|Win32
		{42584F14-0B58-4D8F-B00C-E8F73890CEEB}.ReleaseWithLogs|Win32.ActiveCfg = ReleaseWithLogs|Win32
		{42584F14-0B58-4D8F-B00C-E8F73890CEEB}.ReleaseWithLogs|Win32.Build.0 = ReleaseWithLogs|Win32
		{1C1C4C4C-836E-45B0-B632-866B4B6B7BE8}.Debug|Any CPU.ActiveCfg = Debug|Any CPU
		{1C1C4C4C-836E-45B0-B632-866B4B6B7BE8}.Debug|Any CPU.Build.0 = Debug|Any CPU
		{1C1C4C4C-836E-45B0-B632-866B4B6B7BE8}.Debug|Mixed Platforms.ActiveCfg = Release|Any CPU
		{1C1C4C4C-836E-45B0-B632-866B4B6B7BE8}.Debug|Mixed Platforms.Build.0 = Release|Any CPU
		{1C1C4C4C-836E-45B0-B632-866B4B6B7BE8}.Debug|Win32.ActiveCfg = Debug|Any CPU
		{1C1C4C4C-836E-45B0-B632-866B4B6B7BE8}.Debug|Win32.Build.0 = Debug|Any CPU
		{1C1C4C4C-836E-45B0-B632-866B4B6B7BE8}.DebugWithLogs|Any CPU.ActiveCfg = Debug - Test|Any CPU
		{1C1C4C4C-836E-45B0-B632-866B4B6B7BE8}.DebugWithLogs|Any CPU.Build.0 = Debug - Test|Any CPU
		{1C1C4C4C-836E-45B0-B632-866B4B6B7BE8}.DebugWithLogs|Mixed Platforms.ActiveCfg = Release|Any CPU
		{1C1C4C4C-836E-45B0-B632-866B4B6B7BE8}.DebugWithLogs|Mixed Platforms.Build.0 = Release|Any CPU
		{1C1C4C4C-836E-45B0-B632-866B4B6B7BE8}.DebugWithLogs|Win32.ActiveCfg = Debug|Any CPU
		{1C1C4C4C-836E-45B0-B632-866B4B6B7BE8}.DebugWithLogs|Win32.Build.0 = Debug|Any CPU
		{1C1C4C4C-836E-45B0-B632-866B4B6B7BE8}.Release|Any CPU.ActiveCfg = Release|Any CPU
		{1C1C4C4C-836E-45B0-B632-866B4B6B7BE8}.Release|Any CPU.Build.0 = Release|Any CPU
		{1C1C4C4C-836E-45B0-B632-866B4B6B7BE8}.Release|Mixed Platforms.ActiveCfg = Release|Any CPU
		{1C1C4C4C-836E-45B0-B632-866B4B6B7BE8}.Release|Mixed Platforms.Build.0 = Release|Any CPU
		{1C1C4C4C-836E-45B0-B632-866B4B6B7BE8}.Release|Win32.ActiveCfg = Release|Any CPU
		{1C1C4C4C-836E-45B0-B632-866B4B6B7BE8}.Release|Win32.Build.0 = Release|Any CPU
		{1C1C4C4C-836E-45B0-B632-866B4B6B7BE8}.ReleaseWithLogs|Any CPU.ActiveCfg = ReleaseWithLogs|Any CPU
		{1C1C4C4C-836E-45B0-B632-866B4B6B7BE8}.ReleaseWithLogs|Any CPU.Build.0 = ReleaseWithLogs|Any CPU
		{1C1C4C4C-836E-45B0-B632-866B4B6B7BE8}.ReleaseWithLogs|Mixed Platforms.ActiveCfg = Release|Any CPU
		{1C1C4C4C-836E-45B0-B632-866B4B6B7BE8}.ReleaseWithLogs|Mixed Platforms.Build.0 = Release|Any CPU
		{1C1C4C4C-836E-45B0-B632-866B4B6B7BE8}.ReleaseWithLogs|Win32.ActiveCfg = Release|Any CPU
		{1C1C4C4C-836E-45B0-B632-866B4B6B7BE8}.ReleaseWithLogs|Win32.Build.0 = Release|Any CPU
		{19A82170-7FEE-4527-B835-A7359B864B28}.Debug|Any CPU.ActiveCfg = Debug|Any CPU
		{19A82170-7FEE-4527-B835-A7359B864B28}.Debug|Any CPU.Build.0 = Debug|Any CPU
		{19A82170-7FEE-4527-B835-A7359B864B28}.Debug|Mixed Platforms.ActiveCfg = Release|Any CPU
		{19A82170-7FEE-4527-B835-A7359B864B28}.Debug|Mixed Platforms.Build.0 = Release|Any CPU
		{19A82170-7FEE-4527-B835-A7359B864B28}.Debug|Win32.ActiveCfg = Debug|Any CPU
		{19A82170-7FEE-4527-B835-A7359B864B28}.Debug|Win32.Build.0 = Debug|Any CPU
		{19A82170-7FEE-4527-B835-A7359B864B28}.DebugWithLogs|Any CPU.ActiveCfg = Debug|Any CPU
		{19A82170-7FEE-4527-B835-A7359B864B28}.DebugWithLogs|Any CPU.Build.0 = Debug|Any CPU
		{19A82170-7FEE-4527-B835-A7359B864B28}.DebugWithLogs|Mixed Platforms.ActiveCfg = Release|Any CPU
		{19A82170-7FEE-4527-B835-A7359B864B28}.DebugWithLogs|Mixed Platforms.Build.0 = Release|Any CPU
		{19A82170-7FEE-4527-B835-A7359B864B28}.DebugWithLogs|Win32.ActiveCfg = Debug|Any CPU
		{19A82170-7FEE-4527-B835-A7359B864B28}.DebugWithLogs|Win32.Build.0 = Debug|Any CPU
		{19A82170-7FEE-4527-B835-A7359B864B28}.Release|Any CPU.ActiveCfg = Release|Any CPU
		{19A82170-7FEE-4527-B835-A7359B864B28}.Release|Any CPU.Build.0 = Release|Any CPU
		{19A82170-7FEE-4527-B835-A7359B864B28}.Release|Mixed Platforms.ActiveCfg = Release|Any CPU
		{19A82170-7FEE-4527-B835-A7359B864B28}.Release|Mixed Platforms.Build.0 = Release|Any CPU
		{19A82170-7FEE-4527-B835-A7359B864B28}.Release|Win32.ActiveCfg = Release|Any CPU
		{19A82170-7FEE-4527-B835-A7359B864B28}.Release|Win32.Build.0 = Release|Any CPU
		{19A82170-7FEE-4527-B835-A7359B864B28}.ReleaseWithLogs|Any CPU.ActiveCfg = ReleaseWithLogs|Any CPU
		{19A82170-7FEE-4527-B835-A7359B864B28}.ReleaseWithLogs|Any CPU.Build.0 = ReleaseWithLogs|Any CPU
		{19A82170-7FEE-4527-B835-A7359B864B28}.ReleaseWithLogs|Mixed Platforms.ActiveCfg = Release|Any CPU
		{19A82170-7FEE-4527-B835-A7359B864B28}.ReleaseWithLogs|Mixed Platforms.Build.0 = Release|Any CPU
		{19A82170-7FEE-4527-B835-A7359B864B28}.ReleaseWithLogs|Win32.ActiveCfg = Release|Any CPU
		{19A82170-7FEE-4527-B835-A7359B864B28}.ReleaseWithLogs|Win32.Build.0 = Release|Any CPU
		{CD226615-66F6-4F8F-B7B1-0BF13714E2D0}.Debug|Any CPU.ActiveCfg = Debug|Any CPU
		{CD226615-66F6-4F8F-B7B1-0BF13714E2D0}.Debug|Any CPU.Build.0 = Debug|Any CPU
		{CD226615-66F6-4F8F-B7B1-0BF13714E2D0}.Debug|Mixed Platforms.ActiveCfg = Release|Any CPU
		{CD226615-66F6-4F8F-B7B1-0BF13714E2D0}.Debug|Mixed Platforms.Build.0 = Release|Any CPU
		{CD226615-66F6-4F8F-B7B1-0BF13714E2D0}.Debug|Win32.ActiveCfg = Debug|Any CPU
		{CD226615-66F6-4F8F-B7B1-0BF13714E2D0}.Debug|Win32.Build.0 = Debug|Any CPU
		{CD226615-66F6-4F8F-B7B1-0BF13714E2D0}.DebugWithLogs|Any CPU.ActiveCfg = Debug|Any CPU
		{CD226615-66F6-4F8F-B7B1-0BF13714E2D0}.DebugWithLogs|Any CPU.Build.0 = Debug|Any CPU
		{CD226615-66F6-4F8F-B7B1-0BF13714E2D0}.DebugWithLogs|Mixed Platforms.ActiveCfg = Release|Any CPU
		{CD226615-66F6-4F8F-B7B1-0BF13714E2D0}.DebugWithLogs|Mixed Platforms.Build.0 = Release|Any CPU
		{CD226615-66F6-4F8F-B7B1-0BF13714E2D0}.DebugWithLogs|Win32.ActiveCfg = Debug|Any CPU
		{CD226615-66F6-4F8F-B7B1-0BF13714E2D0}.DebugWithLogs|Win32.Build.0 = Debug|Any CPU
		{CD226615-66F6-4F8F-B7B1-0BF13714E2D0}.Release|Any CPU.ActiveCfg = Release|Any CPU
		{CD226615-66F6-4F8F-B7B1-0BF13714E2D0}.Release|Any CPU.Build.0 = Release|Any CPU
		{CD226615-66F6-4F8F-B7B1-0BF13714E2D0}.Release|Mixed Platforms.ActiveCfg = Release|Any CPU
		{CD226615-66F6-4F8F-B7B1-0BF13714E2D0}.Release|Mixed Platforms.Build.0 = Release|Any CPU
		{CD226615-66F6-4F8F-B7B1-0BF13714E2D0}.Release|Win32.ActiveCfg = Release|Any CPU
		{CD226615-66F6-4F8F-B7B1-0BF13714E2D0}.Release|Win32.Build.0 = Release|Any CPU
		{CD226615-66F6-4F8F-B7B1-0BF13714E2D0}.ReleaseWithLogs|Any CPU.ActiveCfg = ReleaseWithLogs|Any CPU
		{CD226615-66F6-4F8F-B7B1-0BF13714E2D0}.ReleaseWithLogs|Any CPU.Build.0 = ReleaseWithLogs|Any CPU
		{CD226615-66F6-4F8F-B7B1-0BF13714E2D0}.ReleaseWithLogs|Mixed Platforms.ActiveCfg = Release|Any CPU
		{CD226615-66F6-4F8F-B7B1-0BF13714E2D0}.ReleaseWithLogs|Mixed Platforms.Build.0 = Release|Any CPU
		{CD226615-66F6-4F8F-B7B1-0BF13714E2D0}.ReleaseWithLogs|Win32.ActiveCfg = Release|Any CPU
		{CD226615-66F6-4F8F-B7B1-0BF13714E2D0}.ReleaseWithLogs|Win32.Build.0 = Release|Any CPU
	EndGlobalSection
	GlobalSection(SolutionProperties) = preSolution
		HideSolutionNode = FALSE
	EndGlobalSection
EndGlobal
