
Microsoft Visual Studio Solution File, Format Version 9.00
# Visual Studio 2005
Project("{FAE04EC0-301F-11D3-BF4B-00C04F79EFBC}") = "RndfToolkit", "RndfToolkit\RndfToolkit.csproj", "{AC863E60-A0D7-4E01-B9C0-54D18BEB1C1B}"
EndProject
Project("{FAE04EC0-301F-11D3-BF4B-00C04F79EFBC}") = "Common", "..\..\..\Remoting Interfaces\Common\Common.csproj", "{1C1C4C4C-836E-45B0-B632-866B4B6B7BE8}"
EndProject
Project("{FAE04EC0-301F-11D3-BF4B-00C04F79EFBC}") = "RndfParser", "..\..\RndfParser\RndfParser\RndfParser\RndfParser.csproj", "{5869CF42-B77C-4EC1-990E-976B4860AC97}"
EndProject
Project("{FAE04EC0-301F-11D3-BF4B-00C04F79EFBC}") = "DarpaRndf", "..\..\..\Remoting Interfaces\Arbiter\DarpaRndf\DarpaRndf\DarpaRndf\DarpaRndf.csproj", "{AC2D3BEF-757A-43BE-9A54-273CD6A7916B}"
EndProject
Global
	GlobalSection(SolutionConfigurationPlatforms) = preSolution
		Debug|Any CPU = Debug|Any CPU
		Release|Any CPU = Release|Any CPU
	EndGlobalSection
	GlobalSection(ProjectConfigurationPlatforms) = postSolution
		{AC863E60-A0D7-4E01-B9C0-54D18BEB1C1B}.Debug|Any CPU.ActiveCfg = Debug|Any CPU
		{AC863E60-A0D7-4E01-B9C0-54D18BEB1C1B}.Debug|Any CPU.Build.0 = Debug|Any CPU
		{AC863E60-A0D7-4E01-B9C0-54D18BEB1C1B}.Release|Any CPU.ActiveCfg = Release|Any CPU
		{AC863E60-A0D7-4E01-B9C0-54D18BEB1C1B}.Release|Any CPU.Build.0 = Release|Any CPU
		{1C1C4C4C-836E-45B0-B632-866B4B6B7BE8}.Debug|Any CPU.ActiveCfg = Debug|Any CPU
		{1C1C4C4C-836E-45B0-B632-866B4B6B7BE8}.Debug|Any CPU.Build.0 = Debug|Any CPU
		{1C1C4C4C-836E-45B0-B632-866B4B6B7BE8}.Release|Any CPU.ActiveCfg = Release|Any CPU
		{1C1C4C4C-836E-45B0-B632-866B4B6B7BE8}.Release|Any CPU.Build.0 = Release|Any CPU
		{5869CF42-B77C-4EC1-990E-976B4860AC97}.Debug|Any CPU.ActiveCfg = Debug|Any CPU
		{5869CF42-B77C-4EC1-990E-976B4860AC97}.Debug|Any CPU.Build.0 = Debug|Any CPU
		{5869CF42-B77C-4EC1-990E-976B4860AC97}.Release|Any CPU.ActiveCfg = Release|Any CPU
		{5869CF42-B77C-4EC1-990E-976B4860AC97}.Release|Any CPU.Build.0 = Release|Any CPU
		{AC2D3BEF-757A-43BE-9A54-273CD6A7916B}.Debug|Any CPU.ActiveCfg = Debug|Any CPU
		{AC2D3BEF-757A-43BE-9A54-273CD6A7916B}.Debug|Any CPU.Build.0 = Debug|Any CPU
		{AC2D3BEF-757A-43BE-9A54-273CD6A7916B}.Release|Any CPU.ActiveCfg = Release|Any CPU
		{AC2D3BEF-757A-43BE-9A54-273CD6A7916B}.Release|Any CPU.Build.0 = Release|Any CPU
	EndGlobalSection
	GlobalSection(SolutionProperties) = preSolution
		HideSolutionNode = FALSE
	EndGlobalSection
EndGlobal
